<?xml version='1.0' encoding='utf-8'?>
<Scheme LastUpgradeVersion="1600" version="1.3">
  <BuildAction parallelizeBuildables="YES" buildImplicitDependencies="YES">
    <BuildActionEntries>
      <BuildActionEntry buildForTesting="YES" buildForRunning="YES" buildForProfiling="YES" buildForArchiving="YES" buildForAnalyzing="YES">
        <BuildableReference BuildableIdentifier="primary" BlueprintIdentifier="F883BCA01A2BDF4919853BD9" BuildableName="WordReview.app" BlueprintName="WordReview" ReferencedContainer="container:WordReview.xcodeproj" />
      </BuildActionEntry>
      <BuildActionEntry buildForTesting="YES" buildForRunning="NO" buildForProfiling="NO" buildForArchiving="NO" buildForAnalyzing="YES">
        <BuildableReference BuildableIdentifier="primary" BlueprintIdentifier="F936B5176D6E1BE54391451C" BuildableName="WordReviewTests.xctest" BlueprintName="WordReviewTests" ReferencedContainer="container:WordReview.xcodeproj" />
      </BuildActionEntry>
    </BuildActionEntries>
  </BuildAction>
  <TestAction buildConfiguration="Debug" selectedDebuggerIdentifier="Xcode.DebuggerFoundation.Debugger.LLDB" selectedLauncherIdentifier="Xcode.IDEFoundation.Launcher.LLDB" shouldUseLaunchSchemeArgsEnv="YES">
    <Testables>
      <TestableReference skipped="NO">
        <BuildableReference BuildableIdentifier="primary" BlueprintIdentifier="F936B5176D6E1BE54391451C" BuildableName="WordReviewTests.xctest" BlueprintName="WordReviewTests" ReferencedContainer="container:WordReview.xcodeproj" />
      </TestableReference>
    </Testables>
  </TestAction>
  <LaunchAction buildConfiguration="Debug" selectedDebuggerIdentifier="Xcode.DebuggerFoundation.Debugger.LLDB" selectedLauncherIdentifier="Xcode.IDEFoundation.Launcher.LLDB" launchStyle="0" useCustomWorkingDirectory="NO" ignoresPersistentStateOnLaunch="NO" debugDocumentVersioning="YES" debugServiceExtension="internal" allowLocationSimulation="YES">
    <BuildableProductRunnable runnableDebuggingMode="0">
      <BuildableReference BuildableIdentifier="primary" BlueprintIdentifier="F883BCA01A2BDF4919853BD9" BuildableName="WordReview.app" BlueprintName="WordReview" ReferencedContainer="container:WordReview.xcodeproj" />
    </BuildableProductRunnable>
  </LaunchAction>
  <AnalyzeAction buildConfiguration="Debug" />
  <ArchiveAction buildConfiguration="Release" revealArchiveInOrganizer="YES" />
</Scheme>